version = 1
revision = 3
requires-python = ">=3.14"

[[package]]
name = "annotated-doc"
version = "0.0.4"
source = { registry = "https://pypi.org/simple" }
sdist = { url = "https://files.pythonhosted.org/packages/57/ba/046ceea27344560984e26a590f90bc7f4a75b06701f653222458922b558c/annotated_doc-0.0.4.tar.gz", hash = "sha256:fbcda96e87e9c92ad167c2e53839e57503ecfda18804ea28102353485033faa4", size = 7288, upload-time = "2025-11-10T22:07:42.062Z" }
wheels = [
    { url = "https://files.pythonhosted.org/packages/1e/d3/26bf1008eb3d2daa8ef4cacc7f3bfdc11818d111f7e2d0201bc6e3b49d45/annotated_doc-0.0.4-py3-none-any.whl", hash = "sha256:571ac1dc6991c450b25a9c2d84a3705e2ae7a53467b5d111c24fa8baabbed320", size = 5303, upload-time = "2025-11-10T22:07:40.673Z" },
]

[[package]]
name = "colorama"
version = "0.4.6"
source = { registry = "https://pypi.org/simple" }
sdist = { url = "https://files.pythonhosted.org/packages/d8/53/6f443c9a4a8358a93a6792e2acffb9d9d5cb0a5cfd8802644b7b1c9a02e4/colorama-0.4.6.tar.gz", hash = "sha256:08695f5cb7ed6e0531a20572697297273c47b8cae5a63ffc6d6ed5c201be6e44", size = 27697, upload-time = "2022-10-25T02:36:22.414Z" }
wheels = [
    { url = "https://files.pythonhosted.org/packages/d1/d6/3965ed04c63042e047cb6a3e6ed1a63a35087b6a609aa3a15ed8ac56c221/colorama-0.4.6-py2.py3-none-any.whl", hash = "sha256:4f1d9991f5acc0ca119f9d443620b77f9d6b33703e51011c16baf57afb285fc6", size = 25335, upload-time = "2022-10-25T02:36:20.889Z" },
]

[[package]]
name = "markdown-it-py"
version = "4.2.0"
source = { registry = "https://pypi.org/simple" }
dependencies = [
    { name = "mdurl" },
]
sdist = { url = "https://files.pythonhosted.org/packages/06/ff/7841249c247aa650a76b9ee4bbaeae59370dc8bfd2f6c01f3630c35eb134/markdown_it_py-4.2.0.tar.gz", hash = "sha256:04a21681d6fbb623de53f6f364d352309d4094dd4194040a10fd51833e418d49", size = 82454, upload-time = "2026-05-07T12:08:28.36Z" }
wheels = [
    { url = "https://files.pythonhosted.org/packages/b3/81/4da04ced5a082363ecfa159c010d200ecbd959ae410c10c0264a38cac0f5/markdown_it_py-4.2.0-py3-none-any.whl", hash = "sha256:9f7ebbcd14fe59494226453aed97c1070d83f8d24b6fc3a3bcf9a38092641c4a", size = 91687, upload-time = "2026-05-07T12:08:27.182Z" },
]

[[package]]
name = "mdurl"
version = "0.1.2"
source = { registry = "https://pypi.org/simple" }
sdist = { url = "https://files.pythonhosted.org/packages/d6/54/cfe61301667036ec958cb99bd3efefba235e65cdeb9c84d24a8293ba1d90/mdurl-0.1.2.tar.gz", hash = "sha256:bb413d29f5eea38f31dd4754dd7377d4465116fb207585f97bf925588687c1ba", size = 8729, upload-time = "2022-08-14T12:40:10.846Z" }
wheels = [
    { url = "https://files.pythonhosted.org/packages/b3/38/89ba8ad64ae25be8de66a6d463314cf1eb366222074cfda9ee839c56a4b4/mdurl-0.1.2-py3-none-any.whl", hash = "sha256:84008a41e51615a49fc9966191ff91509e3c40b939176e643fd50a5c2196b8f8", size = 9979, upload-time = "2022-08-14T12:40:09.779Z" },
]

[[package]]
name = "pygments"
version = "2.20.0"
source = { registry = "https://pypi.org/simple" }
sdist = { url = "https://files.pythonhosted.org/packages/c3/b2/bc9c9196916376152d655522fdcebac55e66de6603a76a02bca1b6414f6c/pygments-2.20.0.tar.gz", hash = "sha256:6757cd03768053ff99f3039c1a36d6c0aa0b263438fcab17520b30a303a82b5f", size = 4955991, upload-time = "2026-03-29T13:29:33.898Z" }
wheels = [
    { url = "https://files.pythonhosted.org/packages/f4/7e/a72dd26f3b0f4f2bf1dd8923c85f7ceb43172af56d63c7383eb62b332364/pygments-2.20.0-py3-none-any.whl", hash = "sha256:81a9e26dd42fd28a23a2d169d86d7ac03b46e2f8b59ed4698fb4785f946d0176", size = 1231151, upload-time = "2026-03-29T13:29:30.038Z" },
]

[[package]]
name = "pyside6"
version = "6.11.1"
source = { registry = "https://pypi.org/simple" }
dependencies = [
    { name = "pyside6-addons" },
    { name = "pyside6-essentials" },
    { name = "shiboken6" },
]
wheels = [
    { url = "https://files.pythonhosted.org/packages/da/a6/27ba5947ed48918f7b74b7c43a1e280aac069e36f25adeb4c9adfac835c4/pyside6-6.11.1-cp310-abi3-macosx_13_0_universal2.whl", hash = "sha256:537682c3b7530817203e667c1f5a2f00486b37bf52c52eeab438544c7a0917f6", size = 571921, upload-time = "2026-05-13T09:47:36.402Z" },
    { url = "https://files.pythonhosted.org/packages/d8/de/af89d71410c83b10654d86ff9aff2a4f87c30163658f1cc145242e222526/pyside6-6.11.1-cp310-abi3-manylinux_2_34_x86_64.whl", hash = "sha256:b1fc521ba2bb5109425ab8add06bddbdd524abcad06cfa012cc39a22a189feb2", size = 572102, upload-time = "2026-05-13T09:47:38.249Z" },
    { url = "https://files.pythonhosted.org/packages/b6/0e/d583bd3f7bf5046a4497b36f3902cfb64aa29554489a5a25c18e6b4ac0ac/pyside6-6.11.1-cp310-abi3-manylinux_2_39_aarch64.whl", hash = "sha256:75f0005c3eb95c07cfb65522ec50d0815ac007a96482c21dc3cb4b4c04895d84", size = 572098, upload-time = "2026-05-13T09:47:39.44Z" },
    { url = "https://files.pythonhosted.org/packages/57/f2/d9d8ce1373dabb37e5919f63cd18446556079631d3f2eea3ada03c29f6b8/pyside6-6.11.1-cp310-abi3-win_amd64.whl", hash = "sha256:0968877ab1fb4ef3587a284da6fe05e8647ada56a6a3750b6395188e01f4aba6", size = 578377, upload-time = "2026-05-13T09:47:40.76Z" },
    { url = "https://files.pythonhosted.org/packages/96/02/a6057d8bd2bdb1940820fff2d627fdf4013148c9c57adf69fa40d3452ac3/pyside6-6.11.1-cp310-abi3-win_arm64.whl", hash = "sha256:acee467cb5f256cc47ebb9d815a054c1d8416da380c191b247a76d164aa3f805", size = 561765, upload-time = "2026-05-13T09:47:41.9Z" },
]

[[package]]
name = "pyside6-addons"
version = "6.11.1"
source = { registry = "https://pypi.org/simple" }
dependencies = [
    { name = "pyside6-essentials" },
    { name = "shiboken6" },
]
wheels = [
    { url = "https://files.pythonhosted.org/packages/3f/6b/8bc94aff48b63f788f2d84e5467c12362d68906ba742c0942f46cb04c879/pyside6_addons-6.11.1-cp310-abi3-macosx_13_0_universal2.whl", hash = "sha256:54733c77f789bef5f03c6aff4ad3bec8b2eff021f0cfcbc53d5e6c250ded24f9", size = 331714589, upload-time = "2026-05-13T09:39:12.36Z" },
    { url = "https://files.pythonhosted.org/packages/dd/62/fb1428a523b2a4541e232aab50d9e789e6b4526f37fd9593452a7ea5b6b3/pyside6_addons-6.11.1-cp310-abi3-manylinux_2_34_x86_64.whl", hash = "sha256:8e6c65fbd73a512d6f72cda8d8277444a85a34dc99dd1dae9c21d35b8671bb1f", size = 175063224, upload-time = "2026-05-13T09:39:34.185Z" },
    { url = "https://files.pythonhosted.org/packages/ee/9b/2ccd52f66db55c06de65d0501170a1935d04d64d0a230c0d892284a02ce3/pyside6_addons-6.11.1-cp310-abi3-manylinux_2_39_aarch64.whl", hash = "sha256:bf1c6c4e954e5eba3d2a7c661ad4b9689e8f09c7f4a16bdf29713371d11af993", size = 170553429, upload-time = "2026-05-13T09:39:54.424Z" },
    { url = "https://files.pythonhosted.org/packages/9a/bd/8adc4d350b3b363f3dfc8fccdcf5bfed25f7e36c2fff30c64e106f4f1572/pyside6_addons-6.11.1-cp310-abi3-win_amd64.whl", hash = "sha256:0d13c4dfd671b050a48e4f8d8ddc724b7248f9c0437e7fc47fdf316278572923", size = 168816308, upload-time = "2026-05-13T09:40:13.541Z" },
    { url = "https://files.pythonhosted.org/packages/65/b7/9a840d97f0f0f04e372a87e205dd30ee285b4e3b021b188459a917c9dc76/pyside6_addons-6.11.1-cp310-abi3-win_arm64.whl", hash = "sha256:3494f480dee92f415be2f2d989c0b3f4755ac332b28045cbf4ba0f5c5a22ba37", size = 35759347, upload-time = "2026-05-13T09:40:21.199Z" },
]

[[package]]
name = "pyside6-essentials"
version = "6.11.1"
source = { registry = "https://pypi.org/simple" }
dependencies = [
    { name = "shiboken6" },
]
wheels = [
    { url = "https://files.pythonhosted.org/packages/b3/da/10d9197e7370eb4fed8df5fc547b7548dec88e5c5949e2d450db4ae96feb/pyside6_essentials-6.11.1-cp310-abi3-macosx_13_0_universal2.whl", hash = "sha256:228de53c2bc26b07e5021fbe3614fc44ca08e4dab9999af08c2b389d2c239957", size = 110352945, upload-time = "2026-05-13T09:43:08.006Z" },
    { url = "https://files.pythonhosted.org/packages/5c/49/0e1237c4400bec7e335d2c4eeb49bc40d9fd88a9ac44ca9083ce1abdc308/pyside6_essentials-6.11.1-cp310-abi3-manylinux_2_34_x86_64.whl", hash = "sha256:e3ef7027b41e4e55fadb56e3b3257dc8ee92154b639fe67fc4c8e05e9d976c60", size = 79908535, upload-time = "2026-05-13T09:43:24.836Z" },
    { url = "https://files.pythonhosted.org/packages/4c/c5/da4c5f23c6540ac5211a1f60177c8dee84b1bf40f2719479587ab8c60731/pyside6_essentials-6.11.1-cp310-abi3-manylinux_2_39_aarch64.whl", hash = "sha256:a039b6da68a3a4b9d243217b2b98d475eed3f617159ef6be925badab53c11b0d", size = 78960051, upload-time = "2026-05-13T09:43:35.423Z" },
    { url = "https://files.pythonhosted.org/packages/64/0e/b663ecc96ca57b5c91b83b6615d6b174380b0faf30338125c26e053d6aa7/pyside6_essentials-6.11.1-cp310-abi3-win_amd64.whl", hash = "sha256:63311bd48e32c584599ab04b9ef7c324082374cd2c9fa533f978fb893bb47e40", size = 77549267, upload-time = "2026-05-13T09:43:44.92Z" },
    { url = "https://files.pythonhosted.org/packages/f1/12/eb6723faf5cb7fa581145da1c15f40d641b96e080f0491af2f1859fdeedb/pyside6_essentials-6.11.1-cp310-abi3-win_arm64.whl", hash = "sha256:11253ea52aabecefe9febddbbe78b43a824129e3af1cec98431028fba7fa954f", size = 57964512, upload-time = "2026-05-13T09:43:52.968Z" },
]

[[package]]
name = "rich"
version = "15.0.0"
source = { registry = "https://pypi.org/simple" }
dependencies = [
    { name = "markdown-it-py" },
    { name = "pygments" },
]
sdist = { url = "https://files.pythonhosted.org/packages/c0/8f/0722ca900cc807c13a6a0c696dacf35430f72e0ec571c4275d2371fca3e9/rich-15.0.0.tar.gz", hash = "sha256:edd07a4824c6b40189fb7ac9bc4c52536e9780fbbfbddf6f1e2502c31b068c36", size = 230680, upload-time = "2026-04-12T08:24:00.75Z" }
wheels = [
    { url = "https://files.pythonhosted.org/packages/82/3b/64d4899d73f91ba49a8c18a8ff3f0ea8f1c1d75481760df8c68ef5235bf5/rich-15.0.0-py3-none-any.whl", hash = "sha256:33bd4ef74232fb73fe9279a257718407f169c09b78a87ad3d296f548e27de0bb", size = 310654, upload-time = "2026-04-12T08:24:02.83Z" },
]

[[package]]
name = "screen-sentry"
version = "0.1.0"
source = { editable = "." }
dependencies = [
    { name = "pyside6" },
    { name = "tomlkit" },
    { name = "typer" },
]

[package.metadata]
requires-dist = [
    { name = "pyside6", specifier = ">=6.11.1" },
    { name = "tomlkit", specifier = ">=0.15.0" },
    { name = "typer", specifier = ">=0.26.8" },
]

[[package]]
name = "shellingham"
version = "1.5.4"
source = { registry = "https://pypi.org/simple" }
sdist = { url = "https://files.pythonhosted.org/packages/58/15/8b3609fd3830ef7b27b655beb4b4e9c62313a4e8da8c676e142cc210d58e/shellingham-1.5.4.tar.gz", hash = "sha256:8dbca0739d487e5bd35ab3ca4b36e11c4078f3a234bfce294b0a0291363404de", size = 10310, upload-time = "2023-10-24T04:13:40.426Z" }
wheels = [
    { url = "https://files.pythonhosted.org/packages/e0/f9/0595336914c5619e5f28a1fb793285925a8cd4b432c9da0a987836c7f822/shellingham-1.5.4-py2.py3-none-any.whl", hash = "sha256:7ecfff8f2fd72616f7481040475a65b2bf8af90a56c89140852d1120324e8686", size = 9755, upload-time = "2023-10-24T04:13:38.866Z" },
]

[[package]]
name = "shiboken6"
version = "6.11.1"
source = { registry = "https://pypi.org/simple" }
wheels = [
    { url = "https://files.pythonhosted.org/packages/17/f3/f2b63df0251e7cd3172ea28e32ede52739de9566bcefcd0178681538ac81/shiboken6-6.11.1-cp310-abi3-macosx_13_0_universal2.whl", hash = "sha256:1a16867f103ef1c662a5f09dfed03273a9f81688b174555162c58e83650a3f02", size = 476874, upload-time = "2026-05-13T09:47:01.091Z" },
    { url = "https://files.pythonhosted.org/packages/c7/9b/e0355d8897b5c150770f1d95718aad17d432fcc9c035c04f3f58427d4693/shiboken6-6.11.1-cp310-abi3-manylinux_2_34_x86_64.whl", hash = "sha256:9a8bccfafc8805254cabcfa1edfaf55cd52889f4998c91ad0d9a4433fb1bcdbe", size = 272222, upload-time = "2026-05-13T09:47:02.653Z" },
    { url = "https://files.pythonhosted.org/packages/57/d5/dd4f1defed400be03340f2ede34b61f846776650b4e7ed9ebaf4c71979a2/shiboken6-6.11.1-cp310-abi3-manylinux_2_39_aarch64.whl", hash = "sha256:1bd2f4314414df2d122d9f646e03b731bc6d6b5f77a5f53f99a4fe4e97d84e6f", size = 270350, upload-time = "2026-05-13T09:47:04.02Z" },
    { url = "https://files.pythonhosted.org/packages/52/b5/3f6fb2ee65b534193fb4ef713dd619dc31dadff5d12c16979a7699ad58be/shiboken6-6.11.1-cp310-abi3-win_amd64.whl", hash = "sha256:c2c6863aa80ec18c0f82cea3417837b279cdc60024ac17123461dc9042577df7", size = 1223647, upload-time = "2026-05-13T09:47:05.924Z" },
    { url = "https://files.pythonhosted.org/packages/98/d1/f15ca0e1666faae02c945f48e745ea35f8fcd8243b176109b4e2c4251f47/shiboken6-6.11.1-cp310-abi3-win_arm64.whl", hash = "sha256:7c8d9af17db4495d4fa5b1c393f218311c4855546b9dfa6a0bd21bcd66b55e9d", size = 1784170, upload-time = "2026-05-13T09:47:07.617Z" },
]

[[package]]
name = "tomlkit"
version = "0.15.0"
source = { registry = "https://pypi.org/simple" }
sdist = { url = "https://files.pythonhosted.org/packages/51/db/03eaf4331631ef6b27d6e3c9b68c54dc6f0d63d87201fed600cc409307fd/tomlkit-0.15.0.tar.gz", hash = "sha256:7d1a9ecba3086638211b13814ea79c90dd54dd11993564376f3aa92271f5c7a3", size = 161875, upload-time = "2026-05-10T07:38:22.245Z" }
wheels = [
    { url = "https://files.pythonhosted.org/packages/6a/43/8bd850ee71a191bf072e31302c73a66be413fecdd98fdcd111ecbcce13ca/tomlkit-0.15.0-py3-none-any.whl", hash = "sha256:4dbc8f0fc024412b57ced8757ac7461305126a648ff8c2c807fcb8e133a78738", size = 41328, upload-time = "2026-05-10T07:38:23.517Z" },
]

[[package]]
name = "typer"
version = "0.26.8"
source = { registry = "https://pypi.org/simple" }
dependencies = [
    { name = "annotated-doc" },
    { name = "colorama", marker = "sys_platform == 'win32'" },
    { name = "rich" },
    { name = "shellingham" },
]
sdist = { url = "https://files.pythonhosted.org/packages/7c/f7/68adc395201b20b872d68e975386832e8005ffeacedd43a1d837a32815be/typer-0.26.8.tar.gz", hash = "sha256:c244a6bd558886fe3f8780efb6bdd28bb9aff005a94eedebaa5cb32926fe2f7e", size = 202097, upload-time = "2026-06-26T09:22:45.705Z" }
wheels = [
    { url = "https://files.pythonhosted.org/packages/80/87/b9fd69c92c6102a066e1b86a35243f53e70bd4c709f2a26d9f4fee4f4dc0/typer-0.26.8-py3-none-any.whl", hash = "sha256:3512ca79ac5c11113414b36e80281b872884477722440691c89d1112e321a49c", size = 122564, upload-time = "2026-06-26T09:22:44.72Z" },
]
